
Microsoft Visual Studio Solution File, Format Version 12.00
# Visual Studio Version 16
VisualStudioVersion = 16.0.29613.14
MinimumVisualStudioVersion = 10.0.40219.1
Project("{8BC9CEB8-8B4A-11D0-8D11-00A0C91BC942}") = "at-home", "at-home\at-home.vcxproj", "{AC5A2721-3BC6-4BD4-A74D-9AC8A03B743F}"
EndProject
Global
	GlobalSection(SolutionConfigurationPlatforms) = preSolution
		Debug|x64 = Debug|x64
		Debug|x86 = Debug|x86
		Release|x64 = Release|x64
		Release|x86 = Release|x86
	EndGlobalSection
	GlobalSection(ProjectConfigurationPlatforms) = postSolution
		{AC5A2721-3BC6-4BD4-A74D-9AC8A03B743F}.Debug|x64.ActiveCfg = Debug|x64
		{AC5A2721-3BC6-4BD4-A74D-9AC8A03B743F}.Debug|x64.Build.0 = Debug|x64
		{AC5A2721-3BC6-4BD4-A74D-9AC8A03B743F}.Debug|x86.ActiveCfg = Debug|Win32
		{AC5A2721-3BC6-4BD4-A74D-9AC8A03B743F}.Debug|x86.Build.0 = Debug|Win32
		{AC5A2721-3BC6-4BD4-A74D-9AC8A03B743F}.Release|x64.ActiveCfg = Release|x64
		{AC5A2721-3BC6-4BD4-A74D-9AC8A03B743F}.Release|x64.Build.0 = Release|x64
		{AC5A2721-3BC6-4BD4-A74D-9AC8A03B743F}.Release|x86.ActiveCfg = Release|Win32
		{AC5A2721-3BC6-4BD4-A74D-9AC8A03B743F}.Release|x86.Build.0 = Release|Win32
	EndGlobalSection
	GlobalSection(SolutionProperties) = preSolution
		HideSolutionNode = FALSE
	EndGlobalSection
	GlobalSection(ExtensibilityGlobals) = postSolution
		SolutionGuid = {C71FD6EC-FDEF-48A6-804B-2672CAB6DE57}
	EndGlobalSection
EndGlobal
